// !$*UTF8*$!
{
	archiveVersion = 1;
	classes = {
	};
	objectVersion = 52;
	objects = {

/* Begin PBXBuildFile section */
		98261552258FBBD200100168 /* AppDelegate.swift in Sources */ = {isa = PBXBuildFile; fileRef = 98261551258FBBD200100168 /* AppDelegate.swift */; };
		98261554258FBBD200100168 /* SceneDelegate.swift in Sources */ = {isa = PBXBuildFile; fileRef = 98261553258FBBD200100168 /* SceneDelegate.swift */; };
		98261556258FBBD200100168 /* ViewController.swift in Sources */ = {isa = PBXBuildFile; fileRef = 98261555258FBBD200100168 /* ViewController.swift */; };
		98261559258FBBD200100168 /* Main.storyboard in Resources */ = {isa = PBXBuildFile; fileRef = 98261557258FBBD200100168 /* Main.storyboard */; };
		9826155B258FBBD500100168 /* Assets.xcassets in Resources */ = {isa = PBXBuildFile; fileRef = 9826155A258FBBD500100168 /* Assets.xcassets */; };
		9826155E258FBBD500100168 /* LaunchScreen.storyboard in Resources */ = {isa = PBXBuildFile; fileRef = 9826155C258FBBD500100168 /* LaunchScreen.storyboard */; };
		986C737F258FD41C003D97D9 /* ExportController.swift in Sources */ = {isa = PBXBuildFile; fileRef = 986C737E258FD41C003D97D9 /* ExportController.swift */; };
		98AE341225932C97007E1E76 /* SwiftSoup in Frameworks */ = {isa = PBXBuildFile; productRef = 98AE341125932C97007E1E76 /* SwiftSoup */; };
		98D563B5259470B300B218D2 /* Mantis in Frameworks */ = {isa = PBXBuildFile; productRef = 98D563B4259470B300B218D2 /* Mantis */; };
/* End PBXBuildFile section */

/* Begin PBXFileReference section */
		9826154E258FBBD200100168 /* passportPhoto.app */ = {isa = PBXFileReference; explicitFileType = wrapper.application; includeInIndex = 0; path = passportPhoto.app; sourceTree = BUILT_PRODUCTS_DIR; };
		98261551258FBBD200100168 /* AppDelegate.swift */ = {isa = PBXFileReference; lastKnownFileType = sourcecode.swift; path = AppDelegate.swift; sourceTree = "<group>"; };
		98261553258FBBD200100168 /* SceneDelegate.swift */ = {isa = PBXFileReference; lastKnownFileType = sourcecode.swift; path = SceneDelegate.swift; sourceTree = "<group>"; };
		98261555258FBBD200100168 /* ViewController.swift */ = {isa = PBXFileReference; lastKnownFileType = sourcecode.swift; path = ViewController.swift; sourceTree = "<group>"; };
		98261558258FBBD200100168 /* Base */ = {isa = PBXFileReference; lastKnownFileType = file.storyboard; name = Base; path = Base.lproj/Main.storyboard; sourceTree = "<group>"; };
		9826155A258FBBD500100168 /* Assets.xcassets */ = {isa = PBXFileReference; lastKnownFileType = folder.assetcatalog; path = Assets.xcassets; sourceTree = "<group>"; };
		9826155D258FBBD500100168 /* Base */ = {isa = PBXFileReference; lastKnownFileType = file.storyboard; name = Base; path = Base.lproj/LaunchScreen.storyboard; sourceTree = "<group>"; };
		9826155F258FBBD500100168 /* Info.plist */ = {isa = PBXFileReference; lastKnownFileType = text.plist.xml; path = Info.plist; sourceTree = "<group>"; };
		986C737E258FD41C003D97D9 /* ExportController.swift */ = {isa = PBXFileReference; lastKnownFileType = sourcecode.swift; path = ExportController.swift; sourceTree = "<group>"; };
		98D563B32594709C00B218D2 /* cropvc */ = {isa = PBXFileReference; lastKnownFileType = folder; name = cropvc; path = ../../../Documents/cropvc; sourceTree = "<group>"; };
/* End PBXFileReference section */

/* Begin PBXFrameworksBuildPhase section */
		9826154B258FBBD200100168 /* Frameworks */ = {
			isa = PBXFrameworksBuildPhase;
			buildActionMask = 2147483647;
			files = (
				98D563B5259470B300B218D2 /* Mantis in Frameworks */,
				98AE341225932C97007E1E76 /* SwiftSoup in Frameworks */,
			);
			runOnlyForDeploymentPostprocessing = 0;
		};
/* End PBXFrameworksBuildPhase section */

/* Begin PBXGroup section */
		981E9CA4259278B5005FA88D /* Frameworks */ = {
			isa = PBXGroup;
			children = (
			);
			name = Frameworks;
			sourceTree = "<group>";
		};
		98261545258FBBD200100168 = {
			isa = PBXGroup;
			children = (
				98D563B32594709C00B218D2 /* cropvc */,
				98261550258FBBD200100168 /* passportPhoto */,
				9826154F258FBBD200100168 /* Products */,
				981E9CA4259278B5005FA88D /* Frameworks */,
			);
			sourceTree = "<group>";
		};
		9826154F258FBBD200100168 /* Products */ = {
			isa = PBXGroup;
			children = (
				9826154E258FBBD200100168 /* passportPhoto.app */,
			);
			name = Products;
			sourceTree = "<group>";
		};
		98261550258FBBD200100168 /* passportPhoto */ = {
			isa = PBXGroup;
			children = (
				98261551258FBBD200100168 /* AppDelegate.swift */,
				98261553258FBBD200100168 /* SceneDelegate.swift */,
				98261555258FBBD200100168 /* ViewController.swift */,
				986C737E258FD41C003D97D9 /* ExportController.swift */,
				98261557258FBBD200100168 /* Main.storyboard */,
				9826155A258FBBD500100168 /* Assets.xcassets */,
				9826155C258FBBD500100168 /* LaunchScreen.storyboard */,
				9826155F258FBBD500100168 /* Info.plist */,
			);
			path = passportPhoto;
			sourceTree = "<group>";
		};
/* End PBXGroup section */

/* Begin PBXNativeTarget section */
		9826154D258FBBD200100168 /* passportPhoto */ = {
			isa = PBXNativeTarget;
			buildConfigurationList = 98261562258FBBD500100168 /* Build configuration list for PBXNativeTarget "passportPhoto" */;
			buildPhases = (
				9826154A258FBBD200100168 /* Sources */,
				9826154B258FBBD200100168 /* Frameworks */,
				9826154C258FBBD200100168 /* Resources */,
			);
			buildRules = (
			);
			dependencies = (
			);
			name = passportPhoto;
			packageProductDependencies = (
				98AE341125932C97007E1E76 /* SwiftSoup */,
				98D563B4259470B300B218D2 /* Mantis */,
			);
			productName = passportPhoto;
			productReference = 9826154E258FBBD200100168 /* passportPhoto.app */;
			productType = "com.apple.product-type.application";
		};
/* End PBXNativeTarget section */

/* Begin PBXProject section */
		98261546258FBBD200100168 /* Project object */ = {
			isa = PBXProject;
			attributes = {
				LastSwiftUpdateCheck = 1170;
				LastUpgradeCheck = 1170;
				ORGANIZATIONNAME = Tigran;
				TargetAttributes = {
					9826154D258FBBD200100168 = {
						CreatedOnToolsVersion = 11.7;
					};
				};
			};
			buildConfigurationList = 98261549258FBBD200100168 /* Build configuration list for PBXProject "passportPhoto" */;
			compatibilityVersion = "Xcode 9.3";
			developmentRegion = en;
			hasScannedForEncodings = 0;
			knownRegions = (
				en,
				Base,
				"zh-Hans",
				de,
				ar,
				ja,
				es,
				it,
				"ko-KR",
				ko,
				"zh-Hant",
				ru,
				fr,
				"pt-PT",
			);
			mainGroup = 98261545258FBBD200100168;
			packageReferences = (
				98AE341025932C97007E1E76 /* XCRemoteSwiftPackageReference "SwiftSoup" */,
			);
			productRefGroup = 9826154F258FBBD200100168 /* Products */;
			projectDirPath = "";
			projectRoot = "";
			targets = (
				9826154D258FBBD200100168 /* passportPhoto */,
			);
		};
/* End PBXProject section */

/* Begin PBXResourcesBuildPhase section */
		9826154C258FBBD200100168 /* Resources */ = {
			isa = PBXResourcesBuildPhase;
			buildActionMask = 2147483647;
			files = (
				9826155E258FBBD500100168 /* LaunchScreen.storyboard in Resources */,
				9826155B258FBBD500100168 /* Assets.xcassets in Resources */,
				98261559258FBBD200100168 /* Main.storyboard in Resources */,
			);
			runOnlyForDeploymentPostprocessing = 0;
		};
/* End PBXResourcesBuildPhase section */

/* Begin PBXSourcesBuildPhase section */
		9826154A258FBBD200100168 /* Sources */ = {
			isa = PBXSourcesBuildPhase;
			buildActionMask = 2147483647;
			files = (
				98261556258FBBD200100168 /* ViewController.swift in Sources */,
				98261552258FBBD200100168 /* AppDelegate.swift in Sources */,
				986C737F258FD41C003D97D9 /* ExportController.swift in Sources */,
				98261554258FBBD200100168 /* SceneDelegate.swift in Sources */,
			);
			runOnlyForDeploymentPostprocessing = 0;
		};
/* End PBXSourcesBuildPhase section */

/* Begin PBXVariantGroup section */
		98261557258FBBD200100168 /* Main.storyboard */ = {
			isa = PBXVariantGroup;
			children = (
				98261558258FBBD200100168 /* Base */,
			);
			name = Main.storyboard;
			sourceTree = "<group>";
		};
		9826155C258FBBD500100168 /* LaunchScreen.storyboard */ = {
			isa = PBXVariantGroup;
			children = (
				9826155D258FBBD500100168 /* Base */,
			);
			name = LaunchScreen.storyboard;
			sourceTree = "<group>";
		};
/* End PBXVariantGroup section */

/* Begin XCBuildConfiguration section */
		98261560258FBBD500100168 /* Debug */ = {
			isa = XCBuildConfiguration;
			buildSettings = {
				ALWAYS_SEARCH_USER_PATHS = NO;
				CLANG_ANALYZER_NONNULL = YES;
				CLANG_ANALYZER_NUMBER_OBJECT_CONVERSION = YES_AGGRESSIVE;
				CLANG_CXX_LANGUAGE_STANDARD = "gnu++14";
				CLANG_CXX_LIBRARY = "libc++";
				CLANG_ENABLE_MODULES = YES;
				CLANG_ENABLE_OBJC_ARC = YES;
				CLANG_ENABLE_OBJC_WEAK = YES;
				CLANG_WARN_BLOCK_CAPTURE_AUTORELEASING = YES;
				CLANG_WARN_BOOL_CONVERSION = YES;
				CLANG_WARN_COMMA = YES;
				CLANG_WARN_CONSTANT_CONVERSION = YES;
				CLANG_WARN_DEPRECATED_OBJC_IMPLEMENTATIONS = YES;
				CLANG_WARN_DIRECT_OBJC_ISA_USAGE = YES_ERROR;
				CLANG_WARN_DOCUMENTATION_COMMENTS = YES;
				CLANG_WARN_EMPTY_BODY = YES;
				CLANG_WARN_ENUM_CONVERSION = YES;
				CLANG_WARN_INFINITE_RECURSION = YES;
				CLANG_WARN_INT_CONVERSION = YES;
				CLANG_WARN_NON_LITERAL_NULL_CONVERSION = YES;
				CLANG_WARN_OBJC_IMPLICIT_RETAIN_SELF = YES;
				CLANG_WARN_OBJC_LITERAL_CONVERSION = YES;
				CLANG_WARN_OBJC_ROOT_CLASS = YES_ERROR;
				CLANG_WARN_RANGE_LOOP_ANALYSIS = YES;
				CLANG_WARN_STRICT_PROTOTYPES = YES;
				CLANG_WARN_SUSPICIOUS_MOVE = YES;
				CLANG_WARN_UNGUARDED_AVAILABILITY = YES_AGGRESSIVE;
				CLANG_WARN_UNREACHABLE_CODE = YES;
				CLANG_WARN__DUPLICATE_METHOD_MATCH = YES;
				COPY_PHASE_STRIP = NO;
				DEBUG_INFORMATION_FORMAT = dwarf;
				ENABLE_STRICT_OBJC_MSGSEND = YES;
				ENABLE_TESTABILITY = YES;
				GCC_C_LANGUAGE_STANDARD = gnu11;
				GCC_DYNAMIC_NO_PIC = NO;
				GCC_NO_COMMON_BLOCKS = YES;
				GCC_OPTIMIZATION_LEVEL = 0;
				GCC_PREPROCESSOR_DEFINITIONS = (
					"DEBUG=1",
					"$(inherited)",
				);
				GCC_WARN_64_TO_32_BIT_CONVERSION = YES;
				GCC_WARN_ABOUT_RETURN_TYPE = YES_ERROR;
				GCC_WARN_UNDECLARED_SELECTOR = YES;
				GCC_WARN_UNINITIALIZED_AUTOS = YES_AGGRESSIVE;
				GCC_WARN_UNUSED_FUNCTION = YES;
				GCC_WARN_UNUSED_VARIABLE = YES;
				IPHONEOS_DEPLOYMENT_TARGET = 13.7;
				MTL_ENABLE_DEBUG_INFO = INCLUDE_SOURCE;
				MTL_FAST_MATH = YES;
				ONLY_ACTIVE_ARCH = YES;
				SDKROOT = iphoneos;
				SWIFT_ACTIVE_COMPILATION_CONDITIONS = DEBUG;
				SWIFT_OPTIMIZATION_LEVEL = "-Onone";
			};
			name = Debug;
		};
		98261561258FBBD500100168 /* Release */ = {
			isa = XCBuildConfiguration;
			buildSettings = {
				ALWAYS_SEARCH_USER_PATHS = NO;
				CLANG_ANALYZER_NONNULL = YES;
				CLANG_ANALYZER_NUMBER_OBJECT_CONVERSION = YES_AGGRESSIVE;
				CLANG_CXX_LANGUAGE_STANDARD = "gnu++14";
				CLANG_CXX_LIBRARY = "libc++";
				CLANG_ENABLE_MODULES = YES;
				CLANG_ENABLE_OBJC_ARC = YES;
				CLANG_ENABLE_OBJC_WEAK = YES;
				CLANG_WARN_BLOCK_CAPTURE_AUTORELEASING = YES;
				CLANG_WARN_BOOL_CONVERSION = YES;
				CLANG_WARN_COMMA = YES;
				CLANG_WARN_CONSTANT_CONVERSION = YES;
				CLANG_WARN_DEPRECATED_OBJC_IMPLEMENTATIONS = YES;
				CLANG_WARN_DIRECT_OBJC_ISA_USAGE = YES_ERROR;
				CLANG_WARN_DOCUMENTATION_COMMENTS = YES;
				CLANG_WARN_EMPTY_BODY = YES;
				CLANG_WARN_ENUM_CONVERSION = YES;
				CLANG_WARN_INFINITE_RECURSION = YES;
				CLANG_WARN_INT_CONVERSION = YES;
				CLANG_WARN_NON_LITERAL_NULL_CONVERSION = YES;
				CLANG_WARN_OBJC_IMPLICIT_RETAIN_SELF = YES;
				CLANG_WARN_OBJC_LITERAL_CONVERSION = YES;
				CLANG_WARN_OBJC_ROOT_CLASS = YES_ERROR;
				CLANG_WARN_RANGE_LOOP_ANALYSIS = YES;
				CLANG_WARN_STRICT_PROTOTYPES = YES;
				CLANG_WARN_SUSPICIOUS_MOVE = YES;
				CLANG_WARN_UNGUARDED_AVAILABILITY = YES_AGGRESSIVE;
				CLANG_WARN_UNREACHABLE_CODE = YES;
				CLANG_WARN__DUPLICATE_METHOD_MATCH = YES;
				COPY_PHASE_STRIP = NO;
				DEBUG_INFORMATION_FORMAT = "dwarf-with-dsym";
				ENABLE_NS_ASSERTIONS = NO;
				ENABLE_STRICT_OBJC_MSGSEND = YES;
				GCC_C_LANGUAGE_STANDARD = gnu11;
				GCC_NO_COMMON_BLOCKS = YES;
				GCC_WARN_64_TO_32_BIT_CONVERSION = YES;
				GCC_WARN_ABOUT_RETURN_TYPE = YES_ERROR;
				GCC_WARN_UNDECLARED_SELECTOR = YES;
				GCC_WARN_UNINITIALIZED_AUTOS = YES_AGGRESSIVE;
				GCC_WARN_UNUSED_FUNCTION = YES;
				GCC_WARN_UNUSED_VARIABLE = YES;
				IPHONEOS_DEPLOYMENT_TARGET = 13.7;
				MTL_ENABLE_DEBUG_INFO = NO;
				MTL_FAST_MATH = YES;
				SDKROOT = iphoneos;
				SWIFT_COMPILATION_MODE = wholemodule;
				SWIFT_OPTIMIZATION_LEVEL = "-O";
				VALIDATE_PRODUCT = YES;
			};
			name = Release;
		};
		98261563258FBBD500100168 /* Debug */ = {
			isa = XCBuildConfiguration;
			buildSettings = {
				ASSETCATALOG_COMPILER_APPICON_NAME = AppIcon;
				CODE_SIGN_STYLE = Automatic;
				INFOPLIST_FILE = passportPhoto/Info.plist;
				LD_RUNPATH_SEARCH_PATHS = (
					"$(inherited)",
					"@executable_path/Frameworks",
				);
				PRODUCT_BUNDLE_IDENTIFIER = tigran.passportPhoto;
				PRODUCT_NAME = "$(TARGET_NAME)";
				SWIFT_VERSION = 5.0;
				TARGETED_DEVICE_FAMILY = "1,2";
			};
			name = Debug;
		};
		98261564258FBBD500100168 /* Release */ = {
			isa = XCBuildConfiguration;
			buildSettings = {
				ASSETCATALOG_COMPILER_APPICON_NAME = AppIcon;
				CODE_SIGN_STYLE = Automatic;
				INFOPLIST_FILE = passportPhoto/Info.plist;
				LD_RUNPATH_SEARCH_PATHS = (
					"$(inherited)",
					"@executable_path/Frameworks",
				);
				PRODUCT_BUNDLE_IDENTIFIER = tigran.passportPhoto;
				PRODUCT_NAME = "$(TARGET_NAME)";
				SWIFT_VERSION = 5.0;
				TARGETED_DEVICE_FAMILY = "1,2";
			};
			name = Release;
		};
/* End XCBuildConfiguration section */

/* Begin XCConfigurationList section */
		98261549258FBBD200100168 /* Build configuration list for PBXProject "passportPhoto" */ = {
			isa = XCConfigurationList;
			buildConfigurations = (
				98261560258FBBD500100168 /* Debug */,
				98261561258FBBD500100168 /* Release */,
			);
			defaultConfigurationIsVisible = 0;
			defaultConfigurationName = Release;
		};
		98261562258FBBD500100168 /* Build configuration list for PBXNativeTarget "passportPhoto" */ = {
			isa = XCConfigurationList;
			buildConfigurations = (
				98261563258FBBD500100168 /* Debug */,
				98261564258FBBD500100168 /* Release */,
			);
			defaultConfigurationIsVisible = 0;
			defaultConfigurationName = Release;
		};
/* End XCConfigurationList section */

/* Begin XCRemoteSwiftPackageReference section */
		98AE341025932C97007E1E76 /* XCRemoteSwiftPackageReference "SwiftSoup" */ = {
			isa = XCRemoteSwiftPackageReference;
			repositoryURL = "https://github.com/scinfu/SwiftSoup";
			requirement = {
				kind = upToNextMajorVersion;
				minimumVersion = 2.3.2;
			};
		};
/* End XCRemoteSwiftPackageReference section */

/* Begin XCSwiftPackageProductDependency section */
		98AE341125932C97007E1E76 /* SwiftSoup */ = {
			isa = XCSwiftPackageProductDependency;
			package = 98AE341025932C97007E1E76 /* XCRemoteSwiftPackageReference "SwiftSoup" */;
			productName = SwiftSoup;
		};
		98D563B4259470B300B218D2 /* Mantis */ = {
			isa = XCSwiftPackageProductDependency;
			productName = Mantis;
		};
/* End XCSwiftPackageProductDependency section */
	};
	rootObject = 98261546258FBBD200100168 /* Project object */;
}
